// !$*UTF8*$!
{
	archiveVersion = 1;
	classes = {
	};
	objectVersion = 46;
	objects = {

/* Begin PBXBuildFile section */
		97140C151C8A794C00852AD7 /* ShoppingItem.m in Sources */ = {isa = PBXBuildFile; fileRef = 97140C141C8A794C00852AD7 /* ShoppingItem.m */; };
		97140C181C8A7ADD00852AD7 /* Apple.m in Sources */ = {isa = PBXBuildFile; fileRef = 97140C171C8A7ADD00852AD7 /* Apple.m */; };
		97140C1B1C8A802600852AD7 /* Badminton.m in Sources */ = {isa = PBXBuildFile; fileRef = 97140C1A1C8A802600852AD7 /* Badminton.m */; };
		97140C1E1C8A80D000852AD7 /* Cocacola.m in Sources */ = {isa = PBXBuildFile; fileRef = 97140C1D1C8A80D000852AD7 /* Cocacola.m */; };
		97140C211C8A831200852AD7 /* Ultraman.m in Sources */ = {isa = PBXBuildFile; fileRef = 97140C201C8A831200852AD7 /* Ultraman.m */; };
		975ACBD71C8A72EE002FEBC8 /* main.m in Sources */ = {isa = PBXBuildFile; fileRef = 975ACBD61C8A72EE002FEBC8 /* main.m */; };
		975ACBDA1C8A72EE002FEBC8 /* AppDelegate.m in Sources */ = {isa = PBXBuildFile; fileRef = 975ACBD91C8A72EE002FEBC8 /* AppDelegate.m */; };
		975ACBDD1C8A72EE002FEBC8 /* ViewController.m in Sources */ = {isa = PBXBuildFile; fileRef = 975ACBDC1C8A72EE002FEBC8 /* ViewController.m */; };
		975ACBE01C8A72EE002FEBC8 /* Main.storyboard in Resources */ = {isa = PBXBuildFile; fileRef = 975ACBDE1C8A72EE002FEBC8 /* Main.storyboard */; };
		975ACBE21C8A72EF002FEBC8 /* Assets.xcassets in Resources */ = {isa = PBXBuildFile; fileRef = 975ACBE11C8A72EF002FEBC8 /* Assets.xcassets */; };
		975ACBE51C8A72EF002FEBC8 /* LaunchScreen.storyboard in Resources */ = {isa = PBXBuildFile; fileRef = 975ACBE31C8A72EF002FEBC8 /* LaunchScreen.storyboard */; };
		975ACBF01C8A72EF002FEBC8 /* CashRegisterTests.m in Sources */ = {isa = PBXBuildFile; fileRef = 975ACBEF1C8A72EF002FEBC8 /* CashRegisterTests.m */; };
/* End PBXBuildFile section */

/* Begin PBXContainerItemProxy section */
		975ACBEC1C8A72EF002FEBC8 /* PBXContainerItemProxy */ = {
			isa = PBXContainerItemProxy;
			containerPortal = 975ACBCA1C8A72EE002FEBC8 /* Project object */;
			proxyType = 1;
			remoteGlobalIDString = 975ACBD11C8A72EE002FEBC8;
			remoteInfo = CashRegister;
		};
/* End PBXContainerItemProxy section */

/* Begin PBXFileReference section */
		97140C131C8A794C00852AD7 /* ShoppingItem.h */ = {isa = PBXFileReference; fileEncoding = 4; lastKnownFileType = sourcecode.c.h; path = ShoppingItem.h; sourceTree = "<group>"; };
		97140C141C8A794C00852AD7 /* ShoppingItem.m */ = {isa = PBXFileReference; fileEncoding = 4; lastKnownFileType = sourcecode.c.objc; path = ShoppingItem.m; sourceTree = "<group>"; };
		97140C161C8A7ADD00852AD7 /* Apple.h */ = {isa = PBXFileReference; fileEncoding = 4; lastKnownFileType = sourcecode.c.h; path = Apple.h; sourceTree = "<group>"; };
		97140C171C8A7ADD00852AD7 /* Apple.m */ = {isa = PBXFileReference; fileEncoding = 4; lastKnownFileType = sourcecode.c.objc; path = Apple.m; sourceTree = "<group>"; };
		97140C191C8A802600852AD7 /* Badminton.h */ = {isa = PBXFileReference; fileEncoding = 4; lastKnownFileType = sourcecode.c.h; path = Badminton.h; sourceTree = "<group>"; };
		97140C1A1C8A802600852AD7 /* Badminton.m */ = {isa = PBXFileReference; fileEncoding = 4; lastKnownFileType = sourcecode.c.objc; path = Badminton.m; sourceTree = "<group>"; };
		97140C1C1C8A80D000852AD7 /* Cocacola.h */ = {isa = PBXFileReference; fileEncoding = 4; lastKnownFileType = sourcecode.c.h; path = Cocacola.h; sourceTree = "<group>"; };
		97140C1D1C8A80D000852AD7 /* Cocacola.m */ = {isa = PBXFileReference; fileEncoding = 4; lastKnownFileType = sourcecode.c.objc; path = Cocacola.m; sourceTree = "<group>"; };
		97140C1F1C8A831200852AD7 /* Ultraman.h */ = {isa = PBXFileReference; fileEncoding = 4; lastKnownFileType = sourcecode.c.h; path = Ultraman.h; sourceTree = "<group>"; };
		97140C201C8A831200852AD7 /* Ultraman.m */ = {isa = PBXFileReference; fileEncoding = 4; lastKnownFileType = sourcecode.c.objc; path = Ultraman.m; sourceTree = "<group>"; };
		975ACBD21C8A72EE002FEBC8 /* CashRegister.app */ = {isa = PBXFileReference; explicitFileType = wrapper.application; includeInIndex = 0; path = CashRegister.app; sourceTree = BUILT_PRODUCTS_DIR; };
		975ACBD61C8A72EE002FEBC8 /* main.m */ = {isa = PBXFileReference; lastKnownFileType = sourcecode.c.objc; path = main.m; sourceTree = "<group>"; };
		975ACBD81C8A72EE002FEBC8 /* AppDelegate.h */ = {isa = PBXFileReference; lastKnownFileType = sourcecode.c.h; path = AppDelegate.h; sourceTree = "<group>"; };
		975ACBD91C8A72EE002FEBC8 /* AppDelegate.m */ = {isa = PBXFileReference; lastKnownFileType = sourcecode.c.objc; path = AppDelegate.m; sourceTree = "<group>"; };
		975ACBDB1C8A72EE002FEBC8 /* ViewController.h */ = {isa = PBXFileReference; lastKnownFileType = sourcecode.c.h; path = ViewController.h; sourceTree = "<group>"; };
		975ACBDC1C8A72EE002FEBC8 /* ViewController.m */ = {isa = PBXFileReference; lastKnownFileType = sourcecode.c.objc; path = ViewController.m; sourceTree = "<group>"; };
		975ACBDF1C8A72EE002FEBC8 /* Base */ = {isa = PBXFileReference; lastKnownFileType = file.storyboard; name = Base; path = Base.lproj/Main.storyboard; sourceTree = "<group>"; };
		975ACBE11C8A72EF002FEBC8 /* Assets.xcassets */ = {isa = PBXFileReference; lastKnownFileType = folder.assetcatalog; path = Assets.xcassets; sourceTree = "<group>"; };
		975ACBE41C8A72EF002FEBC8 /* Base */ = {isa = PBXFileReference; lastKnownFileType = file.storyboard; name = Base; path = Base.lproj/LaunchScreen.storyboard; sourceTree = "<group>"; };
		975ACBE61C8A72EF002FEBC8 /* Info.plist */ = {isa = PBXFileReference; lastKnownFileType = text.plist.xml; path = Info.plist; sourceTree = "<group>"; };
		975ACBEB1C8A72EF002FEBC8 /* CashRegisterTests.xctest */ = {isa = PBXFileReference; explicitFileType = wrapper.cfbundle; includeInIndex = 0; path = CashRegisterTests.xctest; sourceTree = BUILT_PRODUCTS_DIR; };
		975ACBEF1C8A72EF002FEBC8 /* CashRegisterTests.m */ = {isa = PBXFileReference; lastKnownFileType = sourcecode.c.objc; path = CashRegisterTests.m; sourceTree = "<group>"; };
		975ACBF11C8A72EF002FEBC8 /* Info.plist */ = {isa = PBXFileReference; lastKnownFileType = text.plist.xml; path = Info.plist; sourceTree = "<group>"; };
/* End PBXFileReference section */

/* Begin PBXFrameworksBuildPhase section */
		975ACBCF1C8A72EE002FEBC8 /* Frameworks */ = {
			isa = PBXFrameworksBuildPhase;
			buildActionMask = 2147483647;
			files = (
			);
			runOnlyForDeploymentPostprocessing = 0;
		};
		975ACBE81C8A72EF002FEBC8 /* Frameworks */ = {
			isa = PBXFrameworksBuildPhase;
			buildActionMask = 2147483647;
			files = (
			);
			runOnlyForDeploymentPostprocessing = 0;
		};
/* End PBXFrameworksBuildPhase section */

/* Begin PBXGroup section */
		97140C0A1C8A772100852AD7 /* Model */ = {
			isa = PBXGroup;
			children = (
				97140C131C8A794C00852AD7 /* ShoppingItem.h */,
				97140C141C8A794C00852AD7 /* ShoppingItem.m */,
				97140C161C8A7ADD00852AD7 /* Apple.h */,
				97140C171C8A7ADD00852AD7 /* Apple.m */,
				97140C191C8A802600852AD7 /* Badminton.h */,
				97140C1A1C8A802600852AD7 /* Badminton.m */,
				97140C1C1C8A80D000852AD7 /* Cocacola.h */,
				97140C1D1C8A80D000852AD7 /* Cocacola.m */,
				97140C1F1C8A831200852AD7 /* Ultraman.h */,
				97140C201C8A831200852AD7 /* Ultraman.m */,
			);
			path = Model;
			sourceTree = "<group>";
		};
		975ACBC91C8A72EE002FEBC8 = {
			isa = PBXGroup;
			children = (
				975ACBD41C8A72EE002FEBC8 /* CashRegister */,
				975ACBEE1C8A72EF002FEBC8 /* CashRegisterTests */,
				975ACBD31C8A72EE002FEBC8 /* Products */,
			);
			sourceTree = "<group>";
		};
		975ACBD31C8A72EE002FEBC8 /* Products */ = {
			isa = PBXGroup;
			children = (
				975ACBD21C8A72EE002FEBC8 /* CashRegister.app */,
				975ACBEB1C8A72EF002FEBC8 /* CashRegisterTests.xctest */,
			);
			name = Products;
			sourceTree = "<group>";
		};
		975ACBD41C8A72EE002FEBC8 /* CashRegister */ = {
			isa = PBXGroup;
			children = (
				975ACBD81C8A72EE002FEBC8 /* AppDelegate.h */,
				975ACBD91C8A72EE002FEBC8 /* AppDelegate.m */,
				975ACBDB1C8A72EE002FEBC8 /* ViewController.h */,
				975ACBDC1C8A72EE002FEBC8 /* ViewController.m */,
				97140C0A1C8A772100852AD7 /* Model */,
				975ACBDE1C8A72EE002FEBC8 /* Main.storyboard */,
				975ACBE11C8A72EF002FEBC8 /* Assets.xcassets */,
				975ACBE31C8A72EF002FEBC8 /* LaunchScreen.storyboard */,
				975ACBE61C8A72EF002FEBC8 /* Info.plist */,
				975ACBD51C8A72EE002FEBC8 /* Supporting Files */,
			);
			path = CashRegister;
			sourceTree = "<group>";
		};
		975ACBD51C8A72EE002FEBC8 /* Supporting Files */ = {
			isa = PBXGroup;
			children = (
				975ACBD61C8A72EE002FEBC8 /* main.m */,
			);
			name = "Supporting Files";
			sourceTree = "<group>";
		};
		975ACBEE1C8A72EF002FEBC8 /* CashRegisterTests */ = {
			isa = PBXGroup;
			children = (
				975ACBEF1C8A72EF002FEBC8 /* CashRegisterTests.m */,
				975ACBF11C8A72EF002FEBC8 /* Info.plist */,
			);
			path = CashRegisterTests;
			sourceTree = "<group>";
		};
/* End PBXGroup section */

/* Begin PBXNativeTarget section */
		975ACBD11C8A72EE002FEBC8 /* CashRegister */ = {
			isa = PBXNativeTarget;
			buildConfigurationList = 975ACBF41C8A72EF002FEBC8 /* Build configuration list for PBXNativeTarget "CashRegister" */;
			buildPhases = (
				975ACBCE1C8A72EE002FEBC8 /* Sources */,
				975ACBCF1C8A72EE002FEBC8 /* Frameworks */,
				975ACBD01C8A72EE002FEBC8 /* Resources */,
			);
			buildRules = (
			);
			dependencies = (
			);
			name = CashRegister;
			productName = CashRegister;
			productReference = 975ACBD21C8A72EE002FEBC8 /* CashRegister.app */;
			productType = "com.apple.product-type.application";
		};
		975ACBEA1C8A72EF002FEBC8 /* CashRegisterTests */ = {
			isa = PBXNativeTarget;
			buildConfigurationList = 975ACBF71C8A72EF002FEBC8 /* Build configuration list for PBXNativeTarget "CashRegisterTests" */;
			buildPhases = (
				975ACBE71C8A72EF002FEBC8 /* Sources */,
				975ACBE81C8A72EF002FEBC8 /* Frameworks */,
				975ACBE91C8A72EF002FEBC8 /* Resources */,
			);
			buildRules = (
			);
			dependencies = (
				975ACBED1C8A72EF002FEBC8 /* PBXTargetDependency */,
			);
			name = CashRegisterTests;
			productName = CashRegisterTests;
			productReference = 975ACBEB1C8A72EF002FEBC8 /* CashRegisterTests.xctest */;
			productType = "com.apple.product-type.bundle.unit-test";
		};
/* End PBXNativeTarget section */

/* Begin PBXProject section */
		975ACBCA1C8A72EE002FEBC8 /* Project object */ = {
			isa = PBXProject;
			attributes = {
				LastUpgradeCheck = 0720;
				ORGANIZATIONNAME = Thoughtworks;
				TargetAttributes = {
					975ACBD11C8A72EE002FEBC8 = {
						CreatedOnToolsVersion = 7.2;
					};
					975ACBEA1C8A72EF002FEBC8 = {
						CreatedOnToolsVersion = 7.2;
						TestTargetID = 975ACBD11C8A72EE002FEBC8;
					};
				};
			};
			buildConfigurationList = 975ACBCD1C8A72EE002FEBC8 /* Build configuration list for PBXProject "CashRegister" */;
			compatibilityVersion = "Xcode 3.2";
			developmentRegion = English;
			hasScannedForEncodings = 0;
			knownRegions = (
				en,
				Base,
			);
			mainGroup = 975ACBC91C8A72EE002FEBC8;
			productRefGroup = 975ACBD31C8A72EE002FEBC8 /* Products */;
			projectDirPath = "";
			projectRoot = "";
			targets = (
				975ACBD11C8A72EE002FEBC8 /* CashRegister */,
				975ACBEA1C8A72EF002FEBC8 /* CashRegisterTests */,
			);
		};
/* End PBXProject section */

/* Begin PBXResourcesBuildPhase section */
		975ACBD01C8A72EE002FEBC8 /* Resources */ = {
			isa = PBXResourcesBuildPhase;
			buildActionMask = 2147483647;
			files = (
				975ACBE51C8A72EF002FEBC8 /* LaunchScreen.storyboard in Resources */,
				975ACBE21C8A72EF002FEBC8 /* Assets.xcassets in Resources */,
				975ACBE01C8A72EE002FEBC8 /* Main.storyboard in Resources */,
			);
			runOnlyForDeploymentPostprocessing = 0;
		};
		975ACBE91C8A72EF002FEBC8 /* Resources */ = {
			isa = PBXResourcesBuildPhase;
			buildActionMask = 2147483647;
			files = (
			);
			runOnlyForDeploymentPostprocessing = 0;
		};
/* End PBXResourcesBuildPhase section */

/* Begin PBXSourcesBuildPhase section */
		975ACBCE1C8A72EE002FEBC8 /* Sources */ = {
			isa = PBXSourcesBuildPhase;
			buildActionMask = 2147483647;
			files = (
				97140C1B1C8A802600852AD7 /* Badminton.m in Sources */,
				97140C211C8A831200852AD7 /* Ultraman.m in Sources */,
				97140C181C8A7ADD00852AD7 /* Apple.m in Sources */,
				97140C1E1C8A80D000852AD7 /* Cocacola.m in Sources */,
				975ACBDD1C8A72EE002FEBC8 /* ViewController.m in Sources */,
				975ACBDA1C8A72EE002FEBC8 /* AppDelegate.m in Sources */,
				975ACBD71C8A72EE002FEBC8 /* main.m in Sources */,
				97140C151C8A794C00852AD7 /* ShoppingItem.m in Sources */,
			);
			runOnlyForDeploymentPostprocessing = 0;
		};
		975ACBE71C8A72EF002FEBC8 /* Sources */ = {
			isa = PBXSourcesBuildPhase;
			buildActionMask = 2147483647;
			files = (
				975ACBF01C8A72EF002FEBC8 /* CashRegisterTests.m in Sources */,
			);
			runOnlyForDeploymentPostprocessing = 0;
		};
/* End PBXSourcesBuildPhase section */

/* Begin PBXTargetDependency section */
		975ACBED1C8A72EF002FEBC8 /* PBXTargetDependency */ = {
			isa = PBXTargetDependency;
			target = 975ACBD11C8A72EE002FEBC8 /* CashRegister */;
			targetProxy = 975ACBEC1C8A72EF002FEBC8 /* PBXContainerItemProxy */;
		};
/* End PBXTargetDependency section */

/* Begin PBXVariantGroup section */
		975ACBDE1C8A72EE002FEBC8 /* Main.storyboard */ = {
			isa = PBXVariantGroup;
			children = (
				975ACBDF1C8A72EE002FEBC8 /* Base */,
			);
			name = Main.storyboard;
			sourceTree = "<group>";
		};
		975ACBE31C8A72EF002FEBC8 /* LaunchScreen.storyboard */ = {
			isa = PBXVariantGroup;
			children = (
				975ACBE41C8A72EF002FEBC8 /* Base */,
			);
			name = LaunchScreen.storyboard;
			sourceTree = "<group>";
		};
/* End PBXVariantGroup section */

/* Begin XCBuildConfiguration section */
		975ACBF21C8A72EF002FEBC8 /* Debug */ = {
			isa = XCBuildConfiguration;
			buildSettings = {
				ALWAYS_SEARCH_USER_PATHS = NO;
				CLANG_CXX_LANGUAGE_STANDARD = "gnu++0x";
				CLANG_CXX_LIBRARY = "libc++";
				CLANG_ENABLE_MODULES = YES;
				CLANG_ENABLE_OBJC_ARC = YES;
				CLANG_WARN_BOOL_CONVERSION = YES;
				CLANG_WARN_CONSTANT_CONVERSION = YES;
				CLANG_WARN_DIRECT_OBJC_ISA_USAGE = YES_ERROR;
				CLANG_WARN_EMPTY_BODY = YES;
				CLANG_WARN_ENUM_CONVERSION = YES;
				CLANG_WARN_INT_CONVERSION = YES;
				CLANG_WARN_OBJC_ROOT_CLASS = YES_ERROR;
				CLANG_WARN_UNREACHABLE_CODE = YES;
				CLANG_WARN__DUPLICATE_METHOD_MATCH = YES;
				"CODE_SIGN_IDENTITY[sdk=iphoneos*]" = "iPhone Developer";
				COPY_PHASE_STRIP = NO;
				DEBUG_INFORMATION_FORMAT = dwarf;
				ENABLE_STRICT_OBJC_MSGSEND = YES;
				ENABLE_TESTABILITY = YES;
				GCC_C_LANGUAGE_STANDARD = gnu99;
				GCC_DYNAMIC_NO_PIC = NO;
				GCC_NO_COMMON_BLOCKS = YES;
				GCC_OPTIMIZATION_LEVEL = 0;
				GCC_PREPROCESSOR_DEFINITIONS = (
					"DEBUG=1",
					"$(inherited)",
				);
				GCC_WARN_64_TO_32_BIT_CONVERSION = YES;
				GCC_WARN_ABOUT_RETURN_TYPE = YES_ERROR;
				GCC_WARN_UNDECLARED_SELECTOR = YES;
				GCC_WARN_UNINITIALIZED_AUTOS = YES_AGGRESSIVE;
				GCC_WARN_UNUSED_FUNCTION = YES;
				GCC_WARN_UNUSED_VARIABLE = YES;
				IPHONEOS_DEPLOYMENT_TARGET = 9.2;
				MTL_ENABLE_DEBUG_INFO = YES;
				ONLY_ACTIVE_ARCH = YES;
				SDKROOT = iphoneos;
				TARGETED_DEVICE_FAMILY = "1,2";
			};
			name = Debug;
		};
		975ACBF31C8A72EF002FEBC8 /* Release */ = {
			isa = XCBuildConfiguration;
			buildSettings = {
				ALWAYS_SEARCH_USER_PATHS = NO;
				CLANG_CXX_LANGUAGE_STANDARD = "gnu++0x";
				CLANG_CXX_LIBRARY = "libc++";
				CLANG_ENABLE_MODULES = YES;
				CLANG_ENABLE_OBJC_ARC = YES;
				CLANG_WARN_BOOL_CONVERSION = YES;
				CLANG_WARN_CONSTANT_CONVERSION = YES;
				CLANG_WARN_DIRECT_OBJC_ISA_USAGE = YES_ERROR;
				CLANG_WARN_EMPTY_BODY = YES;
				CLANG_WARN_ENUM_CONVERSION = YES;
				CLANG_WARN_INT_CONVERSION = YES;
				CLANG_WARN_OBJC_ROOT_CLASS = YES_ERROR;
				CLANG_WARN_UNREACHABLE_CODE = YES;
				CLANG_WARN__DUPLICATE_METHOD_MATCH = YES;
				"CODE_SIGN_IDENTITY[sdk=iphoneos*]" = "iPhone Developer";
				COPY_PHASE_STRIP = NO;
				DEBUG_INFORMATION_FORMAT = "dwarf-with-dsym";
				ENABLE_NS_ASSERTIONS = NO;
				ENABLE_STRICT_OBJC_MSGSEND = YES;
				GCC_C_LANGUAGE_STANDARD = gnu99;
				GCC_NO_COMMON_BLOCKS = YES;
				GCC_WARN_64_TO_32_BIT_CONVERSION = YES;
				GCC_WARN_ABOUT_RETURN_TYPE = YES_ERROR;
				GCC_WARN_UNDECLARED_SELECTOR = YES;
				GCC_WARN_UNINITIALIZED_AUTOS = YES_AGGRESSIVE;
				GCC_WARN_UNUSED_FUNCTION = YES;
				GCC_WARN_UNUSED_VARIABLE = YES;
				IPHONEOS_DEPLOYMENT_TARGET = 9.2;
				MTL_ENABLE_DEBUG_INFO = NO;
				SDKROOT = iphoneos;
				TARGETED_DEVICE_FAMILY = "1,2";
				VALIDATE_PRODUCT = YES;
			};
			name = Release;
		};
		975ACBF51C8A72EF002FEBC8 /* Debug */ = {
			isa = XCBuildConfiguration;
			buildSettings = {
				ASSETCATALOG_COMPILER_APPICON_NAME = AppIcon;
				INFOPLIST_FILE = CashRegister/Info.plist;
				LD_RUNPATH_SEARCH_PATHS = "$(inherited) @executable_path/Frameworks";
				PRODUCT_BUNDLE_IDENTIFIER = tw.CashRegister;
				PRODUCT_NAME = "$(TARGET_NAME)";
			};
			name = Debug;
		};
		975ACBF61C8A72EF002FEBC8 /* Release */ = {
			isa = XCBuildConfiguration;
			buildSettings = {
				ASSETCATALOG_COMPILER_APPICON_NAME = AppIcon;
				INFOPLIST_FILE = CashRegister/Info.plist;
				LD_RUNPATH_SEARCH_PATHS = "$(inherited) @executable_path/Frameworks";
				PRODUCT_BUNDLE_IDENTIFIER = tw.CashRegister;
				PRODUCT_NAME = "$(TARGET_NAME)";
			};
			name = Release;
		};
		975ACBF81C8A72EF002FEBC8 /* Debug */ = {
			isa = XCBuildConfiguration;
			buildSettings = {
				BUNDLE_LOADER = "$(TEST_HOST)";
				INFOPLIST_FILE = CashRegisterTests/Info.plist;
				LD_RUNPATH_SEARCH_PATHS = "$(inherited) @executable_path/Frameworks @loader_path/Frameworks";
				PRODUCT_BUNDLE_IDENTIFIER = tw.CashRegisterTests;
				PRODUCT_NAME = "$(TARGET_NAME)";
				TEST_HOST = "$(BUILT_PRODUCTS_DIR)/CashRegister.app/CashRegister";
			};
			name = Debug;
		};
		975ACBF91C8A72EF002FEBC8 /* Release */ = {
			isa = XCBuildConfiguration;
			buildSettings = {
				BUNDLE_LOADER = "$(TEST_HOST)";
				INFOPLIST_FILE = CashRegisterTests/Info.plist;
				LD_RUNPATH_SEARCH_PATHS = "$(inherited) @executable_path/Frameworks @loader_path/Frameworks";
				PRODUCT_BUNDLE_IDENTIFIER = tw.CashRegisterTests;
				PRODUCT_NAME = "$(TARGET_NAME)";
				TEST_HOST = "$(BUILT_PRODUCTS_DIR)/CashRegister.app/CashRegister";
			};
			name = Release;
		};
/* End XCBuildConfiguration section */

/* Begin XCConfigurationList section */
		975ACBCD1C8A72EE002FEBC8 /* Build configuration list for PBXProject "CashRegister" */ = {
			isa = XCConfigurationList;
			buildConfigurations = (
				975ACBF21C8A72EF002FEBC8 /* Debug */,
				975ACBF31C8A72EF002FEBC8 /* Release */,
			);
			defaultConfigurationIsVisible = 0;
			defaultConfigurationName = Release;
		};
		975ACBF41C8A72EF002FEBC8 /* Build configuration list for PBXNativeTarget "CashRegister" */ = {
			isa = XCConfigurationList;
			buildConfigurations = (
				975ACBF51C8A72EF002FEBC8 /* Debug */,
				975ACBF61C8A72EF002FEBC8 /* Release */,
			);
			defaultConfigurationIsVisible = 0;
			defaultConfigurationName = Release;
		};
		975ACBF71C8A72EF002FEBC8 /* Build configuration list for PBXNativeTarget "CashRegisterTests" */ = {
			isa = XCConfigurationList;
			buildConfigurations = (
				975ACBF81C8A72EF002FEBC8 /* Debug */,
				975ACBF91C8A72EF002FEBC8 /* Release */,
			);
			defaultConfigurationIsVisible = 0;
			defaultConfigurationName = Release;
		};
/* End XCConfigurationList section */
	};
	rootObject = 975ACBCA1C8A72EE002FEBC8 /* Project object */;
}
